PODS:
  - AFNetworking (2.6.3):
    - AFNetworking/NSURLConnection (= 2.6.3)
    - AFNetworking/NSURLSession (= 2.6.3)
    - AFNetworking/Reachability (= 2.6.3)
    - AFNetworking/Security (= 2.6.3)
    - AFNetworking/Serialization (= 2.6.3)
    - AFNetworking/UIKit (= 2.6.3)
  - AFNetworking/NSURLConnection (2.6.3):
    - AFNetworking/Reachability
    - AFNetworking/Security
    - AFNetworking/Serialization
  - AFNetworking/NSURLSession (2.6.3):
    - AFNetworking/Reachability
    - AFNetworking/Security
    - AFNetworking/Serialization
  - AFNetworking/Reachability (2.6.3)
  - AFNetworking/Security (2.6.3)
  - AFNetworking/Serialization (2.6.3)
  - AFNetworking/UIKit (2.6.3):
    - AFNetworking/NSURLConnection
    - AFNetworking/NSURLSession
  - Firebase (2.5.0)
  - Spark-SDK (0.3.4):
    - Spark-SDK/Helpers (= 0.3.4)
    - Spark-SDK/SDK (= 0.3.4)
  - Spark-SDK/Helpers (0.3.4)
  - Spark-SDK/SDK (0.3.4):
    - AFNetworking (< 3.0.0)
    - Spark-SDK/Helpers
  - SparkSetup (0.3.3):
    - SparkSetup/Comm (= 0.3.3)
    - SparkSetup/Core (= 0.3.3)
    - SparkSetup/Resources (= 0.3.3)
  - SparkSetup/Comm (0.3.3)
  - SparkSetup/Core (0.3.3):
    - Spark-SDK
    - SparkSetup/Comm
    - SparkSetup/Resources
  - SparkSetup/Resources (0.3.3)

DEPENDENCIES:
  - Firebase (>= 2.5.0)
  - Spark-SDK
  - SparkSetup

SPEC CHECKSUMS:
  AFNetworking: cb8d14a848e831097108418f5d49217339d4eb60
  Firebase: 744617c0733b45198f9486ebd5cac64ec2d10d79
  Spark-SDK: f5dad30a5afa319f43ca570a64f241c73c693641
  SparkSetup: f9618dd24548ab8a024efdaa65a89f63ed44a7ee

COCOAPODS: 0.39.0
